
Microsoft Visual Studio Solution File, Format Version 12.00
# Visual Studio Version 17
VisualStudioVersion = 17.1.32319.34
MinimumVisualStudioVersion = 10.0.40219.1
Project("{9A19103F-16F7-4668-BE54-9A1E7A4F7556}") = "LevelUp.Services.Core", "LevelUp.Services.Core\LevelUp.Services.Core.csproj", "{23B8D9E1-5DDB-4789-A31D-5BDE00C9D3EE}"
EndProject
Project("{9A19103F-16F7-4668-BE54-9A1E7A4F7556}") = "LevelUp.Services.Tests", "LevelUp.Services.Tests\LevelUp.Services.Tests.csproj", "{B72118D9-9662-4D44-BEC4-A65002F02304}"
EndProject
Project("{FAE04EC0-301F-11D3-BF4B-00C04F79EFBC}") = "LevelUp.Services.EntityFrameworkCore", "LevelUp.Services.EntityFrameworkCore\LevelUp.Services.EntityFrameworkCore.csproj", "{5F4499CA-B606-4862-8C6B-0E9ECD4024D9}"
EndProject
Global
	GlobalSection(SolutionConfigurationPlatforms) = preSolution
		Debug|Any CPU = Debug|Any CPU
		Release|Any CPU = Release|Any CPU
	EndGlobalSection
	GlobalSection(ProjectConfigurationPlatforms) = postSolution
		{23B8D9E1-5DDB-4789-A31D-5BDE00C9D3EE}.Debug|Any CPU.ActiveCfg = Debug|Any CPU
		{23B8D9E1-5DDB-4789-A31D-5BDE00C9D3EE}.Debug|Any CPU.Build.0 = Debug|Any CPU
		{23B8D9E1-5DDB-4789-A31D-5BDE00C9D3EE}.Release|Any CPU.ActiveCfg = Release|Any CPU
		{23B8D9E1-5DDB-4789-A31D-5BDE00C9D3EE}.Release|Any CPU.Build.0 = Release|Any CPU
		{B72118D9-9662-4D44-BEC4-A65002F02304}.Debug|Any CPU.ActiveCfg = Debug|Any CPU
		{B72118D9-9662-4D44-BEC4-A65002F02304}.Debug|Any CPU.Build.0 = Debug|Any CPU
		{B72118D9-9662-4D44-BEC4-A65002F02304}.Release|Any CPU.ActiveCfg = Release|Any CPU
		{B72118D9-9662-4D44-BEC4-A65002F02304}.Release|Any CPU.Build.0 = Release|Any CPU
		{5F4499CA-B606-4862-8C6B-0E9ECD4024D9}.Debug|Any CPU.ActiveCfg = Debug|Any CPU
		{5F4499CA-B606-4862-8C6B-0E9ECD4024D9}.Debug|Any CPU.Build.0 = Debug|Any CPU
		{5F4499CA-B606-4862-8C6B-0E9ECD4024D9}.Release|Any CPU.ActiveCfg = Release|Any CPU
		{5F4499CA-B606-4862-8C6B-0E9ECD4024D9}.Release|Any CPU.Build.0 = Release|Any CPU
	EndGlobalSection
	GlobalSection(SolutionProperties) = preSolution
		HideSolutionNode = FALSE
	EndGlobalSection
	GlobalSection(ExtensibilityGlobals) = postSolution
		SolutionGuid = {4CB523CC-F73C-4030-A015-FCE8551C9ACB}
	EndGlobalSection
EndGlobal
